PODS:
  - Alamofire (5.4.1)
  - IQKeyboardManagerSwift (6.5.6)
  - Kingfisher (6.0.1)
  - MBProgressHUD (1.2.0)
  - Moya (14.0.0):
    - Moya/Core (= 14.0.0)
  - Moya/Core (14.0.0):
    - Alamofire (~> 5.0)
  - SnapKit (5.0.1)
  - YYFast (1.1.7):
    - IQKeyboardManagerSwift
    - Kingfisher
    - MBProgressHUD
    - Moya
    - SnapKit

DEPENDENCIES:
  - YYFast

SPEC REPOS:
  trunk:
    - Alamofire
    - IQKeyboardManagerSwift
    - Kingfisher
    - MBProgressHUD
    - Moya
    - SnapKit
    - YYFast

SPEC CHECKSUMS:
  Alamofire: 2291f7d21ca607c491dd17642e5d40fdcda0e65c
  IQKeyboardManagerSwift: c7df9d2deb356c04522f5c4b7b6e4ce4d8ed94fe
  Kingfisher: adde87a4f74f6a3845395769354efff593581740
  MBProgressHUD: 3ee5efcc380f6a79a7cc9b363dd669c5e1ae7406
  Moya: 5b45dacb75adb009f97fde91c204c1e565d31916
  SnapKit: 97b92857e3df3a0c71833cce143274bf6ef8e5eb
  YYFast: 9970e5600e63d9e9713423a034b9eeff63941240

PODFILE CHECKSUM: 8d9d4c3e57bd7a44bdfa5aee3f7d48db0e00ad58

COCOAPODS: 1.10.1
